// !$*UTF8*$!
{
	archiveVersion = 1;
	classes = {
	};
	objectVersion = 56;
	objects = {

/* Begin PBXBuildFile section */
		C31305C22A2E8DC1003DE8EE /* AppDelegate.swift in Sources */ = {isa = PBXBuildFile; fileRef = C31305C12A2E8DC1003DE8EE /* AppDelegate.swift */; };
		C31305C42A2E8DC1003DE8EE /* SceneDelegate.swift in Sources */ = {isa = PBXBuildFile; fileRef = C31305C32A2E8DC1003DE8EE /* SceneDelegate.swift */; };
		C31305C62A2E8DC1003DE8EE /* ViewController.swift in Sources */ = {isa = PBXBuildFile; fileRef = C31305C52A2E8DC1003DE8EE /* ViewController.swift */; };
		C31305C92A2E8DC1003DE8EE /* Main.storyboard in Resources */ = {isa = PBXBuildFile; fileRef = C31305C72A2E8DC1003DE8EE /* Main.storyboard */; };
		C31305CB2A2E8DC4003DE8EE /* Assets.xcassets in Resources */ = {isa = PBXBuildFile; fileRef = C31305CA2A2E8DC4003DE8EE /* Assets.xcassets */; };
		C31305CE2A2E8DC4003DE8EE /* LaunchScreen.storyboard in Resources */ = {isa = PBXBuildFile; fileRef = C31305CC2A2E8DC4003DE8EE /* LaunchScreen.storyboard */; };
		C31305D92A2E8DC4003DE8EE /* Dice_AppTests.swift in Sources */ = {isa = PBXBuildFile; fileRef = C31305D82A2E8DC4003DE8EE /* Dice_AppTests.swift */; };
		C31305E32A2E8DC4003DE8EE /* Dice_AppUITests.swift in Sources */ = {isa = PBXBuildFile; fileRef = C31305E22A2E8DC4003DE8EE /* Dice_AppUITests.swift */; };
		C31305E52A2E8DC4003DE8EE /* Dice_AppUITestsLaunchTests.swift in Sources */ = {isa = PBXBuildFile; fileRef = C31305E42A2E8DC4003DE8EE /* Dice_AppUITestsLaunchTests.swift */; };
/* End PBXBuildFile section */

/* Begin PBXContainerItemProxy section */
		C31305D52A2E8DC4003DE8EE /* PBXContainerItemProxy */ = {
			isa = PBXContainerItemProxy;
			containerPortal = C31305B62A2E8DC1003DE8EE /* Project object */;
			proxyType = 1;
			remoteGlobalIDString = C31305BD2A2E8DC1003DE8EE;
			remoteInfo = "Dice App";
		};
		C31305DF2A2E8DC4003DE8EE /* PBXContainerItemProxy */ = {
			isa = PBXContainerItemProxy;
			containerPortal = C31305B62A2E8DC1003DE8EE /* Project object */;
			proxyType = 1;
			remoteGlobalIDString = C31305BD2A2E8DC1003DE8EE;
			remoteInfo = "Dice App";
		};
/* End PBXContainerItemProxy section */

/* Begin PBXFileReference section */
		C31305BE2A2E8DC1003DE8EE /* Dice App.app */ = {isa = PBXFileReference; explicitFileType = wrapper.application; includeInIndex = 0; path = "Dice App.app"; sourceTree = BUILT_PRODUCTS_DIR; };
		C31305C12A2E8DC1003DE8EE /* AppDelegate.swift */ = {isa = PBXFileReference; lastKnownFileType = sourcecode.swift; path = AppDelegate.swift; sourceTree = "<group>"; };
		C31305C32A2E8DC1003DE8EE /* SceneDelegate.swift */ = {isa = PBXFileReference; lastKnownFileType = sourcecode.swift; path = SceneDelegate.swift; sourceTree = "<group>"; };
		C31305C52A2E8DC1003DE8EE /* ViewController.swift */ = {isa = PBXFileReference; lastKnownFileType = sourcecode.swift; path = ViewController.swift; sourceTree = "<group>"; };
		C31305C82A2E8DC1003DE8EE /* Base */ = {isa = PBXFileReference; lastKnownFileType = file.storyboard; name = Base; path = Base.lproj/Main.storyboard; sourceTree = "<group>"; };
		C31305CA2A2E8DC4003DE8EE /* Assets.xcassets */ = {isa = PBXFileReference; lastKnownFileType = folder.assetcatalog; path = Assets.xcassets; sourceTree = "<group>"; };
		C31305CD2A2E8DC4003DE8EE /* Base */ = {isa = PBXFileReference; lastKnownFileType = file.storyboard; name = Base; path = Base.lproj/LaunchScreen.storyboard; sourceTree = "<group>"; };
		C31305CF2A2E8DC4003DE8EE /* Info.plist */ = {isa = PBXFileReference; lastKnownFileType = text.plist.xml; path = Info.plist; sourceTree = "<group>"; };
		C31305D42A2E8DC4003DE8EE /* Dice AppTests.xctest */ = {isa = PBXFileReference; explicitFileType = wrapper.cfbundle; includeInIndex = 0; path = "Dice AppTests.xctest"; sourceTree = BUILT_PRODUCTS_DIR; };
		C31305D82A2E8DC4003DE8EE /* Dice_AppTests.swift */ = {isa = PBXFileReference; lastKnownFileType = sourcecode.swift; path = Dice_AppTests.swift; sourceTree = "<group>"; };
		C31305DE2A2E8DC4003DE8EE /* Dice AppUITests.xctest */ = {isa = PBXFileReference; explicitFileType = wrapper.cfbundle; includeInIndex = 0; path = "Dice AppUITests.xctest"; sourceTree = BUILT_PRODUCTS_DIR; };
		C31305E22A2E8DC4003DE8EE /* Dice_AppUITests.swift */ = {isa = PBXFileReference; lastKnownFileType = sourcecode.swift; path = Dice_AppUITests.swift; sourceTree = "<group>"; };
		C31305E42A2E8DC4003DE8EE /* Dice_AppUITestsLaunchTests.swift */ = {isa = PBXFileReference; lastKnownFileType = sourcecode.swift; path = Dice_AppUITestsLaunchTests.swift; sourceTree = "<group>"; };
/* End PBXFileReference section */

/* Begin PBXFrameworksBuildPhase section */
		C31305BB2A2E8DC1003DE8EE /* Frameworks */ = {
			isa = PBXFrameworksBuildPhase;
			buildActionMask = 2147483647;
			files = (
			);
			runOnlyForDeploymentPostprocessing = 0;
		};
		C31305D12A2E8DC4003DE8EE /* Frameworks */ = {
			isa = PBXFrameworksBuildPhase;
			buildActionMask = 2147483647;
			files = (
			);
			runOnlyForDeploymentPostprocessing = 0;
		};
		C31305DB2A2E8DC4003DE8EE /* Frameworks */ = {
			isa = PBXFrameworksBuildPhase;
			buildActionMask = 2147483647;
			files = (
			);
			runOnlyForDeploymentPostprocessing = 0;
		};
/* End PBXFrameworksBuildPhase section */

/* Begin PBXGroup section */
		C31305B52A2E8DC1003DE8EE = {
			isa = PBXGroup;
			children = (
				C31305C02A2E8DC1003DE8EE /* Dice App */,
				C31305D72A2E8DC4003DE8EE /* Dice AppTests */,
				C31305E12A2E8DC4003DE8EE /* Dice AppUITests */,
				C31305BF2A2E8DC1003DE8EE /* Products */,
			);
			sourceTree = "<group>";
		};
		C31305BF2A2E8DC1003DE8EE /* Products */ = {
			isa = PBXGroup;
			children = (
				C31305BE2A2E8DC1003DE8EE /* Dice App.app */,
				C31305D42A2E8DC4003DE8EE /* Dice AppTests.xctest */,
				C31305DE2A2E8DC4003DE8EE /* Dice AppUITests.xctest */,
			);
			name = Products;
			sourceTree = "<group>";
		};
		C31305C02A2E8DC1003DE8EE /* Dice App */ = {
			isa = PBXGroup;
			children = (
				C31305C12A2E8DC1003DE8EE /* AppDelegate.swift */,
				C31305C32A2E8DC1003DE8EE /* SceneDelegate.swift */,
				C31305C52A2E8DC1003DE8EE /* ViewController.swift */,
				C31305C72A2E8DC1003DE8EE /* Main.storyboard */,
				C31305CA2A2E8DC4003DE8EE /* Assets.xcassets */,
				C31305CC2A2E8DC4003DE8EE /* LaunchScreen.storyboard */,
				C31305CF2A2E8DC4003DE8EE /* Info.plist */,
			);
			path = "Dice App";
			sourceTree = "<group>";
		};
		C31305D72A2E8DC4003DE8EE /* Dice AppTests */ = {
			isa = PBXGroup;
			children = (
				C31305D82A2E8DC4003DE8EE /* Dice_AppTests.swift */,
			);
			path = "Dice AppTests";
			sourceTree = "<group>";
		};
		C31305E12A2E8DC4003DE8EE /* Dice AppUITests */ = {
			isa = PBXGroup;
			children = (
				C31305E22A2E8DC4003DE8EE /* Dice_AppUITests.swift */,
				C31305E42A2E8DC4003DE8EE /* Dice_AppUITestsLaunchTests.swift */,
			);
			path = "Dice AppUITests";
			sourceTree = "<group>";
		};
/* End PBXGroup section */

/* Begin PBXNativeTarget section */
		C31305BD2A2E8DC1003DE8EE /* Dice App */ = {
			isa = PBXNativeTarget;
			buildConfigurationList = C31305E82A2E8DC4003DE8EE /* Build configuration list for PBXNativeTarget "Dice App" */;
			buildPhases = (
				C31305BA2A2E8DC1003DE8EE /* Sources */,
				C31305BB2A2E8DC1003DE8EE /* Frameworks */,
				C31305BC2A2E8DC1003DE8EE /* Resources */,
			);
			buildRules = (
			);
			dependencies = (
			);
			name = "Dice App";
			productName = "Dice App";
			productReference = C31305BE2A2E8DC1003DE8EE /* Dice App.app */;
			productType = "com.apple.product-type.application";
		};
		C31305D32A2E8DC4003DE8EE /* Dice AppTests */ = {
			isa = PBXNativeTarget;
			buildConfigurationList = C31305EB2A2E8DC4003DE8EE /* Build configuration list for PBXNativeTarget "Dice AppTests" */;
			buildPhases = (
				C31305D02A2E8DC4003DE8EE /* Sources */,
				C31305D12A2E8DC4003DE8EE /* Frameworks */,
				C31305D22A2E8DC4003DE8EE /* Resources */,
			);
			buildRules = (
			);
			dependencies = (
				C31305D62A2E8DC4003DE8EE /* PBXTargetDependency */,
			);
			name = "Dice AppTests";
			productName = "Dice AppTests";
			productReference = C31305D42A2E8DC4003DE8EE /* Dice AppTests.xctest */;
			productType = "com.apple.product-type.bundle.unit-test";
		};
		C31305DD2A2E8DC4003DE8EE /* Dice AppUITests */ = {
			isa = PBXNativeTarget;
			buildConfigurationList = C31305EE2A2E8DC4003DE8EE /* Build configuration list for PBXNativeTarget "Dice AppUITests" */;
			buildPhases = (
				C31305DA2A2E8DC4003DE8EE /* Sources */,
				C31305DB2A2E8DC4003DE8EE /* Frameworks */,
				C31305DC2A2E8DC4003DE8EE /* Resources */,
			);
			buildRules = (
			);
			dependencies = (
				C31305E02A2E8DC4003DE8EE /* PBXTargetDependency */,
			);
			name = "Dice AppUITests";
			productName = "Dice AppUITests";
			productReference = C31305DE2A2E8DC4003DE8EE /* Dice AppUITests.xctest */;
			productType = "com.apple.product-type.bundle.ui-testing";
		};
/* End PBXNativeTarget section */

/* Begin PBXProject section */
		C31305B62A2E8DC1003DE8EE /* Project object */ = {
			isa = PBXProject;
			attributes = {
				BuildIndependentTargetsInParallel = 1;
				LastSwiftUpdateCheck = 1430;
				LastUpgradeCheck = 1430;
				TargetAttributes = {
					C31305BD2A2E8DC1003DE8EE = {
						CreatedOnToolsVersion = 14.3;
					};
					C31305D32A2E8DC4003DE8EE = {
						CreatedOnToolsVersion = 14.3;
						TestTargetID = C31305BD2A2E8DC1003DE8EE;
					};
					C31305DD2A2E8DC4003DE8EE = {
						CreatedOnToolsVersion = 14.3;
						TestTargetID = C31305BD2A2E8DC1003DE8EE;
					};
				};
			};
			buildConfigurationList = C31305B92A2E8DC1003DE8EE /* Build configuration list for PBXProject "Dice App" */;
			compatibilityVersion = "Xcode 14.0";
			developmentRegion = en;
			hasScannedForEncodings = 0;
			knownRegions = (
				en,
				Base,
			);
			mainGroup = C31305B52A2E8DC1003DE8EE;
			productRefGroup = C31305BF2A2E8DC1003DE8EE /* Products */;
			projectDirPath = "";
			projectRoot = "";
			targets = (
				C31305BD2A2E8DC1003DE8EE /* Dice App */,
				C31305D32A2E8DC4003DE8EE /* Dice AppTests */,
				C31305DD2A2E8DC4003DE8EE /* Dice AppUITests */,
			);
		};
/* End PBXProject section */

/* Begin PBXResourcesBuildPhase section */
		C31305BC2A2E8DC1003DE8EE /* Resources */ = {
			isa = PBXResourcesBuildPhase;
			buildActionMask = 2147483647;
			files = (
				C31305CE2A2E8DC4003DE8EE /* LaunchScreen.storyboard in Resources */,
				C31305CB2A2E8DC4003DE8EE /* Assets.xcassets in Resources */,
				C31305C92A2E8DC1003DE8EE /* Main.storyboard in Resources */,
			);
			runOnlyForDeploymentPostprocessing = 0;
		};
		C31305D22A2E8DC4003DE8EE /* Resources */ = {
			isa = PBXResourcesBuildPhase;
			buildActionMask = 2147483647;
			files = (
			);
			runOnlyForDeploymentPostprocessing = 0;
		};
		C31305DC2A2E8DC4003DE8EE /* Resources */ = {
			isa = PBXResourcesBuildPhase;
			buildActionMask = 2147483647;
			files = (
			);
			runOnlyForDeploymentPostprocessing = 0;
		};
/* End PBXResourcesBuildPhase section */

/* Begin PBXSourcesBuildPhase section */
		C31305BA2A2E8DC1003DE8EE /* Sources */ = {
			isa = PBXSourcesBuildPhase;
			buildActionMask = 2147483647;
			files = (
				C31305C62A2E8DC1003DE8EE /* ViewController.swift in Sources */,
				C31305C22A2E8DC1003DE8EE /* AppDelegate.swift in Sources */,
				C31305C42A2E8DC1003DE8EE /* SceneDelegate.swift in Sources */,
			);
			runOnlyForDeploymentPostprocessing = 0;
		};
		C31305D02A2E8DC4003DE8EE /* Sources */ = {
			isa = PBXSourcesBuildPhase;
			buildActionMask = 2147483647;
			files = (
				C31305D92A2E8DC4003DE8EE /* Dice_AppTests.swift in Sources */,
			);
			runOnlyForDeploymentPostprocessing = 0;
		};
		C31305DA2A2E8DC4003DE8EE /* Sources */ = {
			isa = PBXSourcesBuildPhase;
			buildActionMask = 2147483647;
			files = (
				C31305E52A2E8DC4003DE8EE /* Dice_AppUITestsLaunchTests.swift in Sources */,
				C31305E32A2E8DC4003DE8EE /* Dice_AppUITests.swift in Sources */,
			);
			runOnlyForDeploymentPostprocessing = 0;
		};
/* End PBXSourcesBuildPhase section */

/* Begin PBXTargetDependency section */
		C31305D62A2E8DC4003DE8EE /* PBXTargetDependency */ = {
			isa = PBXTargetDependency;
			target = C31305BD2A2E8DC1003DE8EE /* Dice App */;
			targetProxy = C31305D52A2E8DC4003DE8EE /* PBXContainerItemProxy */;
		};
		C31305E02A2E8DC4003DE8EE /* PBXTargetDependency */ = {
			isa = PBXTargetDependency;
			target = C31305BD2A2E8DC1003DE8EE /* Dice App */;
			targetProxy = C31305DF2A2E8DC4003DE8EE /* PBXContainerItemProxy */;
		};
/* End PBXTargetDependency section */

/* Begin PBXVariantGroup section */
		C31305C72A2E8DC1003DE8EE /* Main.storyboard */ = {
			isa = PBXVariantGroup;
			children = (
				C31305C82A2E8DC1003DE8EE /* Base */,
			);
			name = Main.storyboard;
			sourceTree = "<group>";
		};
		C31305CC2A2E8DC4003DE8EE /* LaunchScreen.storyboard */ = {
			isa = PBXVariantGroup;
			children = (
				C31305CD2A2E8DC4003DE8EE /* Base */,
			);
			name = LaunchScreen.storyboard;
			sourceTree = "<group>";
		};
/* End PBXVariantGroup section */

/* Begin XCBuildConfiguration section */
		C31305E62A2E8DC4003DE8EE /* Debug */ = {
			isa = XCBuildConfiguration;
			buildSettings = {
				ALWAYS_SEARCH_USER_PATHS = NO;
				CLANG_ANALYZER_NONNULL = YES;
				CLANG_ANALYZER_NUMBER_OBJECT_CONVERSION = YES_AGGRESSIVE;
				CLANG_CXX_LANGUAGE_STANDARD = "gnu++20";
				CLANG_ENABLE_MODULES = YES;
				CLANG_ENABLE_OBJC_ARC = YES;
				CLANG_ENABLE_OBJC_WEAK = YES;
				CLANG_WARN_BLOCK_CAPTURE_AUTORELEASING = YES;
				CLANG_WARN_BOOL_CONVERSION = YES;
				CLANG_WARN_COMMA = YES;
				CLANG_WARN_CONSTANT_CONVERSION = YES;
				CLANG_WARN_DEPRECATED_OBJC_IMPLEMENTATIONS = YES;
				CLANG_WARN_DIRECT_OBJC_ISA_USAGE = YES_ERROR;
				CLANG_WARN_DOCUMENTATION_COMMENTS = YES;
				CLANG_WARN_EMPTY_BODY = YES;
				CLANG_WARN_ENUM_CONVERSION = YES;
				CLANG_WARN_INFINITE_RECURSION = YES;
				CLANG_WARN_INT_CONVERSION = YES;
				CLANG_WARN_NON_LITERAL_NULL_CONVERSION = YES;
				CLANG_WARN_OBJC_IMPLICIT_RETAIN_SELF = YES;
				CLANG_WARN_OBJC_LITERAL_CONVERSION = YES;
				CLANG_WARN_OBJC_ROOT_CLASS = YES_ERROR;
				CLANG_WARN_QUOTED_INCLUDE_IN_FRAMEWORK_HEADER = YES;
				CLANG_WARN_RANGE_LOOP_ANALYSIS = YES;
				CLANG_WARN_STRICT_PROTOTYPES = YES;
				CLANG_WARN_SUSPICIOUS_MOVE = YES;
				CLANG_WARN_UNGUARDED_AVAILABILITY = YES_AGGRESSIVE;
				CLANG_WARN_UNREACHABLE_CODE = YES;
				CLANG_WARN__DUPLICATE_METHOD_MATCH = YES;
				COPY_PHASE_STRIP = NO;
				DEBUG_INFORMATION_FORMAT = dwarf;
				ENABLE_STRICT_OBJC_MSGSEND = YES;
				ENABLE_TESTABILITY = YES;
				GCC_C_LANGUAGE_STANDARD = gnu11;
				GCC_DYNAMIC_NO_PIC = NO;
				GCC_NO_COMMON_BLOCKS = YES;
				GCC_OPTIMIZATION_LEVEL = 0;
				GCC_PREPROCESSOR_DEFINITIONS = (
					"DEBUG=1",
					"$(inherited)",
				);
				GCC_WARN_64_TO_32_BIT_CONVERSION = YES;
				GCC_WARN_ABOUT_RETURN_TYPE = YES_ERROR;
				GCC_WARN_UNDECLARED_SELECTOR = YES;
				GCC_WARN_UNINITIALIZED_AUTOS = YES_AGGRESSIVE;
				GCC_WARN_UNUSED_FUNCTION = YES;
				GCC_WARN_UNUSED_VARIABLE = YES;
				IPHONEOS_DEPLOYMENT_TARGET = 16.4;
				MTL_ENABLE_DEBUG_INFO = INCLUDE_SOURCE;
				MTL_FAST_MATH = YES;
				ONLY_ACTIVE_ARCH = YES;
				SDKROOT = iphoneos;
				SWIFT_ACTIVE_COMPILATION_CONDITIONS = DEBUG;
				SWIFT_OPTIMIZATION_LEVEL = "-Onone";
			};
			name = Debug;
		};
		C31305E72A2E8DC4003DE8EE /* Release */ = {
			isa = XCBuildConfiguration;
			buildSettings = {
				ALWAYS_SEARCH_USER_PATHS = NO;
				CLANG_ANALYZER_NONNULL = YES;
				CLANG_ANALYZER_NUMBER_OBJECT_CONVERSION = YES_AGGRESSIVE;
				CLANG_CXX_LANGUAGE_STANDARD = "gnu++20";
				CLANG_ENABLE_MODULES = YES;
				CLANG_ENABLE_OBJC_ARC = YES;
				CLANG_ENABLE_OBJC_WEAK = YES;
				CLANG_WARN_BLOCK_CAPTURE_AUTORELEASING = YES;
				CLANG_WARN_BOOL_CONVERSION = YES;
				CLANG_WARN_COMMA = YES;
				CLANG_WARN_CONSTANT_CONVERSION = YES;
				CLANG_WARN_DEPRECATED_OBJC_IMPLEMENTATIONS = YES;
				CLANG_WARN_DIRECT_OBJC_ISA_USAGE = YES_ERROR;
				CLANG_WARN_DOCUMENTATION_COMMENTS = YES;
				CLANG_WARN_EMPTY_BODY = YES;
				CLANG_WARN_ENUM_CONVERSION = YES;
				CLANG_WARN_INFINITE_RECURSION = YES;
				CLANG_WARN_INT_CONVERSION = YES;
				CLANG_WARN_NON_LITERAL_NULL_CONVERSION = YES;
				CLANG_WARN_OBJC_IMPLICIT_RETAIN_SELF = YES;
				CLANG_WARN_OBJC_LITERAL_CONVERSION = YES;
				CLANG_WARN_OBJC_ROOT_CLASS = YES_ERROR;
				CLANG_WARN_QUOTED_INCLUDE_IN_FRAMEWORK_HEADER = YES;
				CLANG_WARN_RANGE_LOOP_ANALYSIS = YES;
				CLANG_WARN_STRICT_PROTOTYPES = YES;
				CLANG_WARN_SUSPICIOUS_MOVE = YES;
				CLANG_WARN_UNGUARDED_AVAILABILITY = YES_AGGRESSIVE;
				CLANG_WARN_UNREACHABLE_CODE = YES;
				CLANG_WARN__DUPLICATE_METHOD_MATCH = YES;
				COPY_PHASE_STRIP = NO;
				DEBUG_INFORMATION_FORMAT = "dwarf-with-dsym";
				ENABLE_NS_ASSERTIONS = NO;
				ENABLE_STRICT_OBJC_MSGSEND = YES;
				GCC_C_LANGUAGE_STANDARD = gnu11;
				GCC_NO_COMMON_BLOCKS = YES;
				GCC_WARN_64_TO_32_BIT_CONVERSION = YES;
				GCC_WARN_ABOUT_RETURN_TYPE = YES_ERROR;
				GCC_WARN_UNDECLARED_SELECTOR = YES;
				GCC_WARN_UNINITIALIZED_AUTOS = YES_AGGRESSIVE;
				GCC_WARN_UNUSED_FUNCTION = YES;
				GCC_WARN_UNUSED_VARIABLE = YES;
				IPHONEOS_DEPLOYMENT_TARGET = 16.4;
				MTL_ENABLE_DEBUG_INFO = NO;
				MTL_FAST_MATH = YES;
				SDKROOT = iphoneos;
				SWIFT_COMPILATION_MODE = wholemodule;
				SWIFT_OPTIMIZATION_LEVEL = "-O";
				VALIDATE_PRODUCT = YES;
			};
			name = Release;
		};
		C31305E92A2E8DC4003DE8EE /* Debug */ = {
			isa = XCBuildConfiguration;
			buildSettings = {
				ASSETCATALOG_COMPILER_APPICON_NAME = AppIcon;
				ASSETCATALOG_COMPILER_GLOBAL_ACCENT_COLOR_NAME = AccentColor;
				CODE_SIGN_STYLE = Automatic;
				CURRENT_PROJECT_VERSION = 1;
				GENERATE_INFOPLIST_FILE = YES;
				INFOPLIST_FILE = "Dice App/Info.plist";
				INFOPLIST_KEY_UIApplicationSupportsIndirectInputEvents = YES;
				INFOPLIST_KEY_UILaunchStoryboardName = LaunchScreen;
				INFOPLIST_KEY_UIMainStoryboardFile = Main;
				INFOPLIST_KEY_UISupportedInterfaceOrientations_iPad = "UIInterfaceOrientationPortrait UIInterfaceOrientationPortraitUpsideDown UIInterfaceOrientationLandscapeLeft UIInterfaceOrientationLandscapeRight";
				INFOPLIST_KEY_UISupportedInterfaceOrientations_iPhone = "UIInterfaceOrientationPortrait UIInterfaceOrientationLandscapeLeft UIInterfaceOrientationLandscapeRight";
				LD_RUNPATH_SEARCH_PATHS = (
					"$(inherited)",
					"@executable_path/Frameworks",
				);
				MARKETING_VERSION = 1.0;
				PRODUCT_BUNDLE_IDENTIFIER = "tin.learn.Dice-App";
				PRODUCT_NAME = "$(TARGET_NAME)";
				SWIFT_EMIT_LOC_STRINGS = YES;
				SWIFT_VERSION = 5.0;
				TARGETED_DEVICE_FAMILY = "1,2";
			};
			name = Debug;
		};
		C31305EA2A2E8DC4003DE8EE /* Release */ = {
			isa = XCBuildConfiguration;
			buildSettings = {
				ASSETCATALOG_COMPILER_APPICON_NAME = AppIcon;
				ASSETCATALOG_COMPILER_GLOBAL_ACCENT_COLOR_NAME = AccentColor;
				CODE_SIGN_STYLE = Automatic;
				CURRENT_PROJECT_VERSION = 1;
				GENERATE_INFOPLIST_FILE = YES;
				INFOPLIST_FILE = "Dice App/Info.plist";
				INFOPLIST_KEY_UIApplicationSupportsIndirectInputEvents = YES;
				INFOPLIST_KEY_UILaunchStoryboardName = LaunchScreen;
				INFOPLIST_KEY_UIMainStoryboardFile = Main;
				INFOPLIST_KEY_UISupportedInterfaceOrientations_iPad = "UIInterfaceOrientationPortrait UIInterfaceOrientationPortraitUpsideDown UIInterfaceOrientationLandscapeLeft UIInterfaceOrientationLandscapeRight";
				INFOPLIST_KEY_UISupportedInterfaceOrientations_iPhone = "UIInterfaceOrientationPortrait UIInterfaceOrientationLandscapeLeft UIInterfaceOrientationLandscapeRight";
				LD_RUNPATH_SEARCH_PATHS = (
					"$(inherited)",
					"@executable_path/Frameworks",
				);
				MARKETING_VERSION = 1.0;
				PRODUCT_BUNDLE_IDENTIFIER = "tin.learn.Dice-App";
				PRODUCT_NAME = "$(TARGET_NAME)";
				SWIFT_EMIT_LOC_STRINGS = YES;
				SWIFT_VERSION = 5.0;
				TARGETED_DEVICE_FAMILY = "1,2";
			};
			name = Release;
		};
		C31305EC2A2E8DC4003DE8EE /* Debug */ = {
			isa = XCBuildConfiguration;
			buildSettings = {
				ALWAYS_EMBED_SWIFT_STANDARD_LIBRARIES = YES;
				BUNDLE_LOADER = "$(TEST_HOST)";
				CODE_SIGN_STYLE = Automatic;
				CURRENT_PROJECT_VERSION = 1;
				GENERATE_INFOPLIST_FILE = YES;
				IPHONEOS_DEPLOYMENT_TARGET = 16.4;
				MARKETING_VERSION = 1.0;
				PRODUCT_BUNDLE_IDENTIFIER = "tin.learn.Dice-AppTests";
				PRODUCT_NAME = "$(TARGET_NAME)";
				SWIFT_EMIT_LOC_STRINGS = NO;
				SWIFT_VERSION = 5.0;
				TARGETED_DEVICE_FAMILY = "1,2";
				TEST_HOST = "$(BUILT_PRODUCTS_DIR)/Dice App.app/$(BUNDLE_EXECUTABLE_FOLDER_PATH)/Dice App";
			};
			name = Debug;
		};
		C31305ED2A2E8DC4003DE8EE /* Release */ = {
			isa = XCBuildConfiguration;
			buildSettings = {
				ALWAYS_EMBED_SWIFT_STANDARD_LIBRARIES = YES;
				BUNDLE_LOADER = "$(TEST_HOST)";
				CODE_SIGN_STYLE = Automatic;
				CURRENT_PROJECT_VERSION = 1;
				GENERATE_INFOPLIST_FILE = YES;
				IPHONEOS_DEPLOYMENT_TARGET = 16.4;
				MARKETING_VERSION = 1.0;
				PRODUCT_BUNDLE_IDENTIFIER = "tin.learn.Dice-AppTests";
				PRODUCT_NAME = "$(TARGET_NAME)";
				SWIFT_EMIT_LOC_STRINGS = NO;
				SWIFT_VERSION = 5.0;
				TARGETED_DEVICE_FAMILY = "1,2";
				TEST_HOST = "$(BUILT_PRODUCTS_DIR)/Dice App.app/$(BUNDLE_EXECUTABLE_FOLDER_PATH)/Dice App";
			};
			name = Release;
		};
		C31305EF2A2E8DC4003DE8EE /* Debug */ = {
			isa = XCBuildConfiguration;
			buildSettings = {
				ALWAYS_EMBED_SWIFT_STANDARD_LIBRARIES = YES;
				CODE_SIGN_STYLE = Automatic;
				CURRENT_PROJECT_VERSION = 1;
				GENERATE_INFOPLIST_FILE = YES;
				MARKETING_VERSION = 1.0;
				PRODUCT_BUNDLE_IDENTIFIER = "tin.learn.Dice-AppUITests";
				PRODUCT_NAME = "$(TARGET_NAME)";
				SWIFT_EMIT_LOC_STRINGS = NO;
				SWIFT_VERSION = 5.0;
				TARGETED_DEVICE_FAMILY = "1,2";
				TEST_TARGET_NAME = "Dice App";
			};
			name = Debug;
		};
		C31305F02A2E8DC4003DE8EE /* Release */ = {
			isa = XCBuildConfiguration;
			buildSettings = {
				ALWAYS_EMBED_SWIFT_STANDARD_LIBRARIES = YES;
				CODE_SIGN_STYLE = Automatic;
				CURRENT_PROJECT_VERSION = 1;
				GENERATE_INFOPLIST_FILE = YES;
				MARKETING_VERSION = 1.0;
				PRODUCT_BUNDLE_IDENTIFIER = "tin.learn.Dice-AppUITests";
				PRODUCT_NAME = "$(TARGET_NAME)";
				SWIFT_EMIT_LOC_STRINGS = NO;
				SWIFT_VERSION = 5.0;
				TARGETED_DEVICE_FAMILY = "1,2";
				TEST_TARGET_NAME = "Dice App";
			};
			name = Release;
		};
/* End XCBuildConfiguration section */

/* Begin XCConfigurationList section */
		C31305B92A2E8DC1003DE8EE /* Build configuration list for PBXProject "Dice App" */ = {
			isa = XCConfigurationList;
			buildConfigurations = (
				C31305E62A2E8DC4003DE8EE /* Debug */,
				C31305E72A2E8DC4003DE8EE /* Release */,
			);
			defaultConfigurationIsVisible = 0;
			defaultConfigurationName = Release;
		};
		C31305E82A2E8DC4003DE8EE /* Build configuration list for PBXNativeTarget "Dice App" */ = {
			isa = XCConfigurationList;
			buildConfigurations = (
				C31305E92A2E8DC4003DE8EE /* Debug */,
				C31305EA2A2E8DC4003DE8EE /* Release */,
			);
			defaultConfigurationIsVisible = 0;
			defaultConfigurationName = Release;
		};
		C31305EB2A2E8DC4003DE8EE /* Build configuration list for PBXNativeTarget "Dice AppTests" */ = {
			isa = XCConfigurationList;
			buildConfigurations = (
				C31305EC2A2E8DC4003DE8EE /* Debug */,
				C31305ED2A2E8DC4003DE8EE /* Release */,
			);
			defaultConfigurationIsVisible = 0;
			defaultConfigurationName = Release;
		};
		C31305EE2A2E8DC4003DE8EE /* Build configuration list for PBXNativeTarget "Dice AppUITests" */ = {
			isa = XCConfigurationList;
			buildConfigurations = (
				C31305EF2A2E8DC4003DE8EE /* Debug */,
				C31305F02A2E8DC4003DE8EE /* Release */,
			);
			defaultConfigurationIsVisible = 0;
			defaultConfigurationName = Release;
		};
/* End XCConfigurationList section */
	};
	rootObject = C31305B62A2E8DC1003DE8EE /* Project object */;
}
